PODS:
  - Alamofire (4.4.0)
  - Bolts (1.8.4):
    - Bolts/AppLinks (= 1.8.4)
    - Bolts/Tasks (= 1.8.4)
  - Bolts/AppLinks (1.8.4):
    - Bolts/Tasks
  - Bolts/Tasks (1.8.4)
  - FBSDKCoreKit (4.23.0):
    - Bolts (~> 1.7)
  - FBSDKLoginKit (4.23.0):
    - FBSDKCoreKit
  - FBSDKShareKit (4.23.0):
    - FBSDKCoreKit
  - Firebase/Auth (4.0.0):
    - Firebase/Core
    - FirebaseAuth (= 4.0.0)
  - Firebase/Core (4.0.0):
    - FirebaseAnalytics (= 4.0.0)
    - FirebaseCore (= 4.0.0)
  - Firebase/Database (4.0.0):
    - Firebase/Core
    - FirebaseDatabase (= 4.0.0)
  - Firebase/Messaging (4.0.0):
    - Firebase/Core
    - FirebaseMessaging (= 2.0.0)
  - FirebaseAnalytics (4.0.0):
    - FirebaseCore (~> 4.0)
    - FirebaseInstanceID (~> 2.0)
    - GoogleToolboxForMac/NSData+zlib (~> 2.1)
  - FirebaseAuth (4.0.0):
    - FirebaseAnalytics (~> 4.0)
    - GoogleToolboxForMac/NSDictionary+URLArguments (~> 2.1)
    - GTMSessionFetcher/Core (~> 1.1)
  - FirebaseCore (4.0.0):
    - GoogleToolboxForMac/NSData+zlib (~> 2.1)
  - FirebaseDatabase (4.0.0):
    - FirebaseAnalytics (~> 4.0)
  - FirebaseInstanceID (2.0.0):
    - FirebaseCore (~> 4.0)
  - FirebaseMessaging (2.0.0):
    - FirebaseAnalytics (~> 4.0)
    - FirebaseCore (~> 4.0)
    - FirebaseInstanceID (~> 2.0)
    - GoogleToolboxForMac/Logger (~> 2.1)
    - Protobuf (~> 3.1)
  - FirebaseUI/Auth (4.0.0):
    - Firebase/Auth
  - FirebaseUI/Database (4.0.0):
    - Firebase/Database
  - FirebaseUI/Facebook (4.0.0):
    - FBSDKLoginKit (~> 4.0)
    - FirebaseUI/Auth
  - GoogleToolboxForMac/DebugUtils (2.1.1):
    - GoogleToolboxForMac/Defines (= 2.1.1)
  - GoogleToolboxForMac/Defines (2.1.1)
  - GoogleToolboxForMac/Logger (2.1.1):
    - GoogleToolboxForMac/Defines (= 2.1.1)
  - GoogleToolboxForMac/NSData+zlib (2.1.1):
    - GoogleToolboxForMac/Defines (= 2.1.1)
  - GoogleToolboxForMac/NSDictionary+URLArguments (2.1.1):
    - GoogleToolboxForMac/DebugUtils (= 2.1.1)
    - GoogleToolboxForMac/Defines (= 2.1.1)
    - GoogleToolboxForMac/NSString+URLArguments (= 2.1.1)
  - GoogleToolboxForMac/NSString+URLArguments (2.1.1)
  - GTMSessionFetcher/Core (1.1.10)
  - Protobuf (3.3.0)
  - SideMenu (2.3.2)
  - SwiftyJSON (3.1.4)

DEPENDENCIES:
  - Alamofire (~> 4.4)
  - FBSDKCoreKit
  - FBSDKLoginKit
  - FBSDKShareKit
  - Firebase/Core
  - Firebase/Messaging
  - FirebaseUI/Auth
  - FirebaseUI/Database
  - FirebaseUI/Facebook
  - SideMenu
  - SwiftyJSON

SPEC CHECKSUMS:
  Alamofire: dc44b1600b800eb63da6a19039a0083d62a6a62d
  Bolts: 8a7995239dbe724f9cba2248b766d48b7ebdd322
  FBSDKCoreKit: d7829f5a69901cd7296105328e4c3c3fc7da6518
  FBSDKLoginKit: 6b92bd65f319d669d2b0730e49db495ef1660566
  FBSDKShareKit: 65751c3b9937ab9d594e6c37611ecc115ceeb448
  Firebase: 284eea779b73fdff309791817da7c68bff8dd572
  FirebaseAnalytics: 6f08e746f7d66f5452931bc2e822b5df9c66b64a
  FirebaseAuth: ebb6abcbabae00fc47446d690c19ce68d8484fde
  FirebaseCore: 85ad466044c2f013cdb167f85d426d15b128114a
  FirebaseDatabase: d829b3a8c3e2ac7a16773c5df226966b0805dfc2
  FirebaseInstanceID: 9fbf536668f4d3f0880e7438456dabd1376e294b
  FirebaseMessaging: 227406c05b0dc9290702d2e9f18ab5528f0c2cf2
  FirebaseUI: b9de05bfb4768db05f64ea90fc2f6a07b819118f
  GoogleToolboxForMac: 8e329f1b599f2512c6b10676d45736bcc2cbbeb0
  GTMSessionFetcher: 30d874b96d0d76028f61fbd122801e3f030d47db
  Protobuf: d582fecf68201eac3d79ed61369ef45734394b9c
  SideMenu: 3fa07dd05d4bade2b6f9889fb1877e312e1ba319
  SwiftyJSON: c2842d878f95482ffceec5709abc3d05680c0220

PODFILE CHECKSUM: 717e322e536d236a0dfe2b0d0ed171c43ee85dc8

COCOAPODS: 1.2.0
