PODS:
  - Alamofire (4.4.0)
  - SideMenu (2.2.0)

DEPENDENCIES:
  - Alamofire (~> 4.4)
  - SideMenu

SPEC CHECKSUMS:
  Alamofire: dc44b1600b800eb63da6a19039a0083d62a6a62d
  SideMenu: eeff6b85456c5c6e14165655691d2033f6b24969

PODFILE CHECKSUM: 11332403404023546bd32ab7438a517110ba507e

COCOAPODS: 1.2.0
