// !$*UTF8*$!
{
	archiveVersion = 1;
	classes = {
	};
	objectVersion = 46;
	objects = {

/* Begin PBXBuildFile section */
		314D2EADF3C475E290BC2116 /* Pods_ThriftStoreLocator.framework in Frameworks */ = {isa = PBXBuildFile; fileRef = 796EB802B8425583242F5A32 /* Pods_ThriftStoreLocator.framework */; };
		E10E287B1EABA433009C1F13 /* StoreAnnotation.swift in Sources */ = {isa = PBXBuildFile; fileRef = E10E287A1EABA433009C1F13 /* StoreAnnotation.swift */; };
		E121A4E11E7F1833009AB717 /* LoginViewController.swift in Sources */ = {isa = PBXBuildFile; fileRef = E121A4E01E7F1833009AB717 /* LoginViewController.swift */; };
		E12F1C911E66304B006371A9 /* DataLayer.swift in Sources */ = {isa = PBXBuildFile; fileRef = E12F1C901E66304B006371A9 /* DataLayer.swift */; };
		E12F1C941E663E81006371A9 /* NetworkLayer.swift in Sources */ = {isa = PBXBuildFile; fileRef = E12F1C931E663E81006371A9 /* NetworkLayer.swift */; };
		E12F1C971E664D87006371A9 /* Store.swift in Sources */ = {isa = PBXBuildFile; fileRef = E12F1C951E664D87006371A9 /* Store.swift */; };
		E12F1C981E664D87006371A9 /* Store+CoreDataProperties.swift in Sources */ = {isa = PBXBuildFile; fileRef = E12F1C961E664D87006371A9 /* Store+CoreDataProperties.swift */; };
		E14659EF1EAA68B300ED1FFD /* Logger.swift in Sources */ = {isa = PBXBuildFile; fileRef = E14659EE1EAA68B300ED1FFD /* Logger.swift */; };
		E14659F11EAAB07E00ED1FFD /* StoreCellListView.swift in Sources */ = {isa = PBXBuildFile; fileRef = E14659F01EAAB07E00ED1FFD /* StoreCellListView.swift */; };
		E160B1641E808BE800D9C2FC /* GoogleService-Info.plist in Resources */ = {isa = PBXBuildFile; fileRef = E160B1631E808BE800D9C2FC /* GoogleService-Info.plist */; };
		E16BFB681E6777E8007438C8 /* FavoritesViewController.swift in Sources */ = {isa = PBXBuildFile; fileRef = E16BFB671E6777E8007438C8 /* FavoritesViewController.swift */; };
		E1724D101E5B732F00E71909 /* AppDelegate.swift in Sources */ = {isa = PBXBuildFile; fileRef = E1724D0F1E5B732F00E71909 /* AppDelegate.swift */; };
		E1724D151E5B732F00E71909 /* Main.storyboard in Resources */ = {isa = PBXBuildFile; fileRef = E1724D131E5B732F00E71909 /* Main.storyboard */; };
		E1724D181E5B732F00E71909 /* ThriftStoreLocator.xcdatamodeld in Sources */ = {isa = PBXBuildFile; fileRef = E1724D161E5B732F00E71909 /* ThriftStoreLocator.xcdatamodeld */; };
		E1724D1A1E5B732F00E71909 /* Assets.xcassets in Resources */ = {isa = PBXBuildFile; fileRef = E1724D191E5B732F00E71909 /* Assets.xcassets */; };
		E1724D1D1E5B732F00E71909 /* LaunchScreen.storyboard in Resources */ = {isa = PBXBuildFile; fileRef = E1724D1B1E5B732F00E71909 /* LaunchScreen.storyboard */; };
		E1724D251E5B741000E71909 /* MainViewController.swift in Sources */ = {isa = PBXBuildFile; fileRef = E1724D241E5B741000E71909 /* MainViewController.swift */; };
		E1724D271E5B7BAC00E71909 /* DetailViewController.swift in Sources */ = {isa = PBXBuildFile; fileRef = E1724D261E5B7BAC00E71909 /* DetailViewController.swift */; };
		E173E9891E5BA850001FF201 /* MenuViewController.swift in Sources */ = {isa = PBXBuildFile; fileRef = E173E9881E5BA850001FF201 /* MenuViewController.swift */; };
		E1C20C441E7842F5004CEEDD /* StoreCellMapView.swift in Sources */ = {isa = PBXBuildFile; fileRef = E1C20C431E7842F5004CEEDD /* StoreCellMapView.swift */; };
		E1C771F11E7236BB00B98EA8 /* MapKit.framework in Frameworks */ = {isa = PBXBuildFile; fileRef = E1C771F01E7236BB00B98EA8 /* MapKit.framework */; };
		E1C771F31E7236C600B98EA8 /* CoreLocation.framework in Frameworks */ = {isa = PBXBuildFile; fileRef = E1C771F21E7236C600B98EA8 /* CoreLocation.framework */; };
		E1C9A0851E9E84B300EEE8A4 /* FavoriteStoreCell.swift in Sources */ = {isa = PBXBuildFile; fileRef = E1C9A0841E9E84B300EEE8A4 /* FavoriteStoreCell.swift */; };
		E1C9A0871E9EE9CF00EEE8A4 /* DropMenuButton.swift in Sources */ = {isa = PBXBuildFile; fileRef = E1C9A0861E9EE9CF00EEE8A4 /* DropMenuButton.swift */; };
		E1D7D93F1EA94DAB00E3EFE8 /* ErrorHandler.swift in Sources */ = {isa = PBXBuildFile; fileRef = E1D7D93E1EA94DAB00E3EFE8 /* ErrorHandler.swift */; };
		E1EA9B791EA6BBB4007869E9 /* IJProgressView.swift in Sources */ = {isa = PBXBuildFile; fileRef = E1EA9B781EA6BBB4007869E9 /* IJProgressView.swift */; };
		E1F920A41E95B67E00BA67AA /* Favorite.swift in Sources */ = {isa = PBXBuildFile; fileRef = E1F920A31E95B67E00BA67AA /* Favorite.swift */; };
		E1F920A61E95B6A400BA67AA /* Favorite+CoreDataProperties.swift in Sources */ = {isa = PBXBuildFile; fileRef = E1F920A51E95B6A400BA67AA /* Favorite+CoreDataProperties.swift */; };
		E1F93D121E66293200660A36 /* StoresViewModel.swift in Sources */ = {isa = PBXBuildFile; fileRef = E1F93D111E66293200660A36 /* StoresViewModel.swift */; };
		E1F93D151E662A7100660A36 /* ModelManager.swift in Sources */ = {isa = PBXBuildFile; fileRef = E1F93D141E662A7100660A36 /* ModelManager.swift */; };
/* End PBXBuildFile section */

/* Begin PBXFileReference section */
		1CE09159045F46D114E86841 /* Pods-ThriftStoreLocator.release.xcconfig */ = {isa = PBXFileReference; includeInIndex = 1; lastKnownFileType = text.xcconfig; name = "Pods-ThriftStoreLocator.release.xcconfig"; path = "Pods/Target Support Files/Pods-ThriftStoreLocator/Pods-ThriftStoreLocator.release.xcconfig"; sourceTree = "<group>"; };
		796EB802B8425583242F5A32 /* Pods_ThriftStoreLocator.framework */ = {isa = PBXFileReference; explicitFileType = wrapper.framework; includeInIndex = 0; path = Pods_ThriftStoreLocator.framework; sourceTree = BUILT_PRODUCTS_DIR; };
		AE5829B3E21A93676FAE59BF /* Pods-ThriftStoreLocator.debug.xcconfig */ = {isa = PBXFileReference; includeInIndex = 1; lastKnownFileType = text.xcconfig; name = "Pods-ThriftStoreLocator.debug.xcconfig"; path = "Pods/Target Support Files/Pods-ThriftStoreLocator/Pods-ThriftStoreLocator.debug.xcconfig"; sourceTree = "<group>"; };
		E10E287A1EABA433009C1F13 /* StoreAnnotation.swift */ = {isa = PBXFileReference; fileEncoding = 4; lastKnownFileType = sourcecode.swift; path = StoreAnnotation.swift; sourceTree = "<group>"; };
		E121A4E01E7F1833009AB717 /* LoginViewController.swift */ = {isa = PBXFileReference; fileEncoding = 4; lastKnownFileType = sourcecode.swift; path = LoginViewController.swift; sourceTree = "<group>"; };
		E121A4E21E7F3379009AB717 /* ThriftStoreLocator.entitlements */ = {isa = PBXFileReference; lastKnownFileType = text.plist.entitlements; path = ThriftStoreLocator.entitlements; sourceTree = "<group>"; };
		E12F1C901E66304B006371A9 /* DataLayer.swift */ = {isa = PBXFileReference; fileEncoding = 4; lastKnownFileType = sourcecode.swift; path = DataLayer.swift; sourceTree = "<group>"; };
		E12F1C931E663E81006371A9 /* NetworkLayer.swift */ = {isa = PBXFileReference; fileEncoding = 4; lastKnownFileType = sourcecode.swift; path = NetworkLayer.swift; sourceTree = "<group>"; };
		E12F1C951E664D87006371A9 /* Store.swift */ = {isa = PBXFileReference; fileEncoding = 4; lastKnownFileType = sourcecode.swift; path = Store.swift; sourceTree = "<group>"; };
		E12F1C961E664D87006371A9 /* Store+CoreDataProperties.swift */ = {isa = PBXFileReference; fileEncoding = 4; lastKnownFileType = sourcecode.swift; path = "Store+CoreDataProperties.swift"; sourceTree = "<group>"; };
		E14659EE1EAA68B300ED1FFD /* Logger.swift */ = {isa = PBXFileReference; fileEncoding = 4; lastKnownFileType = sourcecode.swift; path = Logger.swift; sourceTree = "<group>"; };
		E14659F01EAAB07E00ED1FFD /* StoreCellListView.swift */ = {isa = PBXFileReference; fileEncoding = 4; lastKnownFileType = sourcecode.swift; path = StoreCellListView.swift; sourceTree = "<group>"; };
		E160B1631E808BE800D9C2FC /* GoogleService-Info.plist */ = {isa = PBXFileReference; fileEncoding = 4; lastKnownFileType = text.plist.xml; path = "GoogleService-Info.plist"; sourceTree = "<group>"; };
		E16BFB671E6777E8007438C8 /* FavoritesViewController.swift */ = {isa = PBXFileReference; fileEncoding = 4; lastKnownFileType = sourcecode.swift; path = FavoritesViewController.swift; sourceTree = "<group>"; };
		E1724D0C1E5B732F00E71909 /* ThriftStoreLocator.app */ = {isa = PBXFileReference; explicitFileType = wrapper.application; includeInIndex = 0; path = ThriftStoreLocator.app; sourceTree = BUILT_PRODUCTS_DIR; };
		E1724D0F1E5B732F00E71909 /* AppDelegate.swift */ = {isa = PBXFileReference; lastKnownFileType = sourcecode.swift; path = AppDelegate.swift; sourceTree = "<group>"; };
		E1724D141E5B732F00E71909 /* Base */ = {isa = PBXFileReference; lastKnownFileType = file.storyboard; name = Base; path = Base.lproj/Main.storyboard; sourceTree = "<group>"; };
		E1724D171E5B732F00E71909 /* ThriftStoreLocator.xcdatamodel */ = {isa = PBXFileReference; lastKnownFileType = wrapper.xcdatamodel; path = ThriftStoreLocator.xcdatamodel; sourceTree = "<group>"; };
		E1724D191E5B732F00E71909 /* Assets.xcassets */ = {isa = PBXFileReference; lastKnownFileType = folder.assetcatalog; path = Assets.xcassets; sourceTree = "<group>"; };
		E1724D1C1E5B732F00E71909 /* Base */ = {isa = PBXFileReference; lastKnownFileType = file.storyboard; name = Base; path = Base.lproj/LaunchScreen.storyboard; sourceTree = "<group>"; };
		E1724D1E1E5B732F00E71909 /* Info.plist */ = {isa = PBXFileReference; lastKnownFileType = text.plist.xml; path = Info.plist; sourceTree = "<group>"; };
		E1724D241E5B741000E71909 /* MainViewController.swift */ = {isa = PBXFileReference; fileEncoding = 4; lastKnownFileType = sourcecode.swift; path = MainViewController.swift; sourceTree = "<group>"; };
		E1724D261E5B7BAC00E71909 /* DetailViewController.swift */ = {isa = PBXFileReference; fileEncoding = 4; lastKnownFileType = sourcecode.swift; path = DetailViewController.swift; sourceTree = "<group>"; };
		E173E9881E5BA850001FF201 /* MenuViewController.swift */ = {isa = PBXFileReference; fileEncoding = 4; lastKnownFileType = sourcecode.swift; path = MenuViewController.swift; sourceTree = "<group>"; };
		E1C20C431E7842F5004CEEDD /* StoreCellMapView.swift */ = {isa = PBXFileReference; fileEncoding = 4; lastKnownFileType = sourcecode.swift; path = StoreCellMapView.swift; sourceTree = "<group>"; };
		E1C771F01E7236BB00B98EA8 /* MapKit.framework */ = {isa = PBXFileReference; lastKnownFileType = wrapper.framework; name = MapKit.framework; path = System/Library/Frameworks/MapKit.framework; sourceTree = SDKROOT; };
		E1C771F21E7236C600B98EA8 /* CoreLocation.framework */ = {isa = PBXFileReference; lastKnownFileType = wrapper.framework; name = CoreLocation.framework; path = System/Library/Frameworks/CoreLocation.framework; sourceTree = SDKROOT; };
		E1C9A0841E9E84B300EEE8A4 /* FavoriteStoreCell.swift */ = {isa = PBXFileReference; fileEncoding = 4; lastKnownFileType = sourcecode.swift; path = FavoriteStoreCell.swift; sourceTree = "<group>"; };
		E1C9A0861E9EE9CF00EEE8A4 /* DropMenuButton.swift */ = {isa = PBXFileReference; fileEncoding = 4; lastKnownFileType = sourcecode.swift; path = DropMenuButton.swift; sourceTree = "<group>"; };
		E1D7D93E1EA94DAB00E3EFE8 /* ErrorHandler.swift */ = {isa = PBXFileReference; fileEncoding = 4; lastKnownFileType = sourcecode.swift; path = ErrorHandler.swift; sourceTree = "<group>"; };
		E1EA9B781EA6BBB4007869E9 /* IJProgressView.swift */ = {isa = PBXFileReference; fileEncoding = 4; lastKnownFileType = sourcecode.swift; path = IJProgressView.swift; sourceTree = "<group>"; };
		E1F920A31E95B67E00BA67AA /* Favorite.swift */ = {isa = PBXFileReference; fileEncoding = 4; lastKnownFileType = sourcecode.swift; path = Favorite.swift; sourceTree = "<group>"; };
		E1F920A51E95B6A400BA67AA /* Favorite+CoreDataProperties.swift */ = {isa = PBXFileReference; fileEncoding = 4; lastKnownFileType = sourcecode.swift; path = "Favorite+CoreDataProperties.swift"; sourceTree = "<group>"; };
		E1F93D111E66293200660A36 /* StoresViewModel.swift */ = {isa = PBXFileReference; fileEncoding = 4; lastKnownFileType = sourcecode.swift; path = StoresViewModel.swift; sourceTree = "<group>"; };
		E1F93D141E662A7100660A36 /* ModelManager.swift */ = {isa = PBXFileReference; fileEncoding = 4; lastKnownFileType = sourcecode.swift; path = ModelManager.swift; sourceTree = "<group>"; };
/* End PBXFileReference section */

/* Begin PBXFrameworksBuildPhase section */
		E1724D091E5B732F00E71909 /* Frameworks */ = {
			isa = PBXFrameworksBuildPhase;
			buildActionMask = 2147483647;
			files = (
				E1C771F31E7236C600B98EA8 /* CoreLocation.framework in Frameworks */,
				E1C771F11E7236BB00B98EA8 /* MapKit.framework in Frameworks */,
				314D2EADF3C475E290BC2116 /* Pods_ThriftStoreLocator.framework in Frameworks */,
			);
			runOnlyForDeploymentPostprocessing = 0;
		};
/* End PBXFrameworksBuildPhase section */

/* Begin PBXGroup section */
		5AC5D9F1019D9DFA19F65E45 /* Pods */ = {
			isa = PBXGroup;
			children = (
				AE5829B3E21A93676FAE59BF /* Pods-ThriftStoreLocator.debug.xcconfig */,
				1CE09159045F46D114E86841 /* Pods-ThriftStoreLocator.release.xcconfig */,
			);
			name = Pods;
			sourceTree = "<group>";
		};
		E12F1C8F1E662DD1006371A9 /* Data */ = {
			isa = PBXGroup;
			children = (
				E1F93D101E66195C00660A36 /* CoreData */,
				E12F1C901E66304B006371A9 /* DataLayer.swift */,
			);
			name = Data;
			sourceTree = "<group>";
		};
		E12F1C921E663E21006371A9 /* NetworkLayer */ = {
			isa = PBXGroup;
			children = (
				E12F1C931E663E81006371A9 /* NetworkLayer.swift */,
			);
			name = NetworkLayer;
			sourceTree = "<group>";
		};
		E1724D031E5B732F00E71909 = {
			isa = PBXGroup;
			children = (
				E1724D0E1E5B732F00E71909 /* ThriftStoreLocator */,
				E1D7D93D1EA94D3400E3EFE8 /* SupportFiles */,
				E1724D0D1E5B732F00E71909 /* Products */,
				5AC5D9F1019D9DFA19F65E45 /* Pods */,
				F8B21205C7D1FB94CF6E84D9 /* Frameworks */,
			);
			sourceTree = "<group>";
		};
		E1724D0D1E5B732F00E71909 /* Products */ = {
			isa = PBXGroup;
			children = (
				E1724D0C1E5B732F00E71909 /* ThriftStoreLocator.app */,
			);
			name = Products;
			sourceTree = "<group>";
		};
		E1724D0E1E5B732F00E71909 /* ThriftStoreLocator */ = {
			isa = PBXGroup;
			children = (
				E121A4E21E7F3379009AB717 /* ThriftStoreLocator.entitlements */,
				E1724D0F1E5B732F00E71909 /* AppDelegate.swift */,
				E1724D131E5B732F00E71909 /* Main.storyboard */,
				E1724D1B1E5B732F00E71909 /* LaunchScreen.storyboard */,
				E1724D1E1E5B732F00E71909 /* Info.plist */,
				E160B1631E808BE800D9C2FC /* GoogleService-Info.plist */,
				E1724D191E5B732F00E71909 /* Assets.xcassets */,
				E12F1C8F1E662DD1006371A9 /* Data */,
				E12F1C921E663E21006371A9 /* NetworkLayer */,
				E1F93D131E662A4000660A36 /* ModelLayer */,
				E1F93D0F1E6618E100660A36 /* Controllers */,
			);
			path = ThriftStoreLocator;
			sourceTree = "<group>";
		};
		E1D7D93D1EA94D3400E3EFE8 /* SupportFiles */ = {
			isa = PBXGroup;
			children = (
				E1C9A0861E9EE9CF00EEE8A4 /* DropMenuButton.swift */,
				E1EA9B781EA6BBB4007869E9 /* IJProgressView.swift */,
				E1D7D93E1EA94DAB00E3EFE8 /* ErrorHandler.swift */,
				E14659EE1EAA68B300ED1FFD /* Logger.swift */,
				E10E287A1EABA433009C1F13 /* StoreAnnotation.swift */,
			);
			name = SupportFiles;
			path = ThriftStoreLocator;
			sourceTree = "<group>";
		};
		E1F93D0F1E6618E100660A36 /* Controllers */ = {
			isa = PBXGroup;
			children = (
				E1724D241E5B741000E71909 /* MainViewController.swift */,
				E173E9881E5BA850001FF201 /* MenuViewController.swift */,
				E1724D261E5B7BAC00E71909 /* DetailViewController.swift */,
				E16BFB671E6777E8007438C8 /* FavoritesViewController.swift */,
				E121A4E01E7F1833009AB717 /* LoginViewController.swift */,
				E1C20C431E7842F5004CEEDD /* StoreCellMapView.swift */,
				E14659F01EAAB07E00ED1FFD /* StoreCellListView.swift */,
				E1C9A0841E9E84B300EEE8A4 /* FavoriteStoreCell.swift */,
			);
			name = Controllers;
			sourceTree = "<group>";
		};
		E1F93D101E66195C00660A36 /* CoreData */ = {
			isa = PBXGroup;
			children = (
				E12F1C951E664D87006371A9 /* Store.swift */,
				E12F1C961E664D87006371A9 /* Store+CoreDataProperties.swift */,
				E1F920A31E95B67E00BA67AA /* Favorite.swift */,
				E1F920A51E95B6A400BA67AA /* Favorite+CoreDataProperties.swift */,
				E1724D161E5B732F00E71909 /* ThriftStoreLocator.xcdatamodeld */,
			);
			name = CoreData;
			sourceTree = "<group>";
		};
		E1F93D131E662A4000660A36 /* ModelLayer */ = {
			isa = PBXGroup;
			children = (
				E1F93D141E662A7100660A36 /* ModelManager.swift */,
				E1F93D111E66293200660A36 /* StoresViewModel.swift */,
			);
			name = ModelLayer;
			sourceTree = "<group>";
		};
		F8B21205C7D1FB94CF6E84D9 /* Frameworks */ = {
			isa = PBXGroup;
			children = (
				E1C771F21E7236C600B98EA8 /* CoreLocation.framework */,
				E1C771F01E7236BB00B98EA8 /* MapKit.framework */,
				796EB802B8425583242F5A32 /* Pods_ThriftStoreLocator.framework */,
			);
			name = Frameworks;
			sourceTree = "<group>";
		};
/* End PBXGroup section */

/* Begin PBXNativeTarget section */
		E1724D0B1E5B732F00E71909 /* ThriftStoreLocator */ = {
			isa = PBXNativeTarget;
			buildConfigurationList = E1724D211E5B732F00E71909 /* Build configuration list for PBXNativeTarget "ThriftStoreLocator" */;
			buildPhases = (
				3A58CFA51617E16E0544D7CB /* [CP] Check Pods Manifest.lock */,
				E1724D081E5B732F00E71909 /* Sources */,
				E1724D091E5B732F00E71909 /* Frameworks */,
				E1724D0A1E5B732F00E71909 /* Resources */,
				13451ACEF3629779F313579A /* [CP] Embed Pods Frameworks */,
				8DD48D4A69CAE0DF7716E2F6 /* [CP] Copy Pods Resources */,
			);
			buildRules = (
			);
			dependencies = (
			);
			name = ThriftStoreLocator;
			productName = ThriftStoreLocator;
			productReference = E1724D0C1E5B732F00E71909 /* ThriftStoreLocator.app */;
			productType = "com.apple.product-type.application";
		};
/* End PBXNativeTarget section */

/* Begin PBXProject section */
		E1724D041E5B732F00E71909 /* Project object */ = {
			isa = PBXProject;
			attributes = {
				LastSwiftUpdateCheck = 0820;
				LastUpgradeCheck = 0820;
				ORGANIZATIONNAME = "Gary Shirk";
				TargetAttributes = {
					E1724D0B1E5B732F00E71909 = {
						CreatedOnToolsVersion = 8.2.1;
						DevelopmentTeam = 5T6QA6HZRH;
						ProvisioningStyle = Automatic;
						SystemCapabilities = {
							com.apple.Keychain = {
								enabled = 1;
							};
						};
					};
				};
			};
			buildConfigurationList = E1724D071E5B732F00E71909 /* Build configuration list for PBXProject "ThriftStoreLocator" */;
			compatibilityVersion = "Xcode 3.2";
			developmentRegion = English;
			hasScannedForEncodings = 0;
			knownRegions = (
				en,
				Base,
			);
			mainGroup = E1724D031E5B732F00E71909;
			productRefGroup = E1724D0D1E5B732F00E71909 /* Products */;
			projectDirPath = "";
			projectRoot = "";
			targets = (
				E1724D0B1E5B732F00E71909 /* ThriftStoreLocator */,
			);
		};
/* End PBXProject section */

/* Begin PBXResourcesBuildPhase section */
		E1724D0A1E5B732F00E71909 /* Resources */ = {
			isa = PBXResourcesBuildPhase;
			buildActionMask = 2147483647;
			files = (
				E1724D1D1E5B732F00E71909 /* LaunchScreen.storyboard in Resources */,
				E160B1641E808BE800D9C2FC /* GoogleService-Info.plist in Resources */,
				E1724D1A1E5B732F00E71909 /* Assets.xcassets in Resources */,
				E1724D151E5B732F00E71909 /* Main.storyboard in Resources */,
			);
			runOnlyForDeploymentPostprocessing = 0;
		};
/* End PBXResourcesBuildPhase section */

/* Begin PBXShellScriptBuildPhase section */
		13451ACEF3629779F313579A /* [CP] Embed Pods Frameworks */ = {
			isa = PBXShellScriptBuildPhase;
			buildActionMask = 2147483647;
			files = (
			);
			inputPaths = (
			);
			name = "[CP] Embed Pods Frameworks";
			outputPaths = (
			);
			runOnlyForDeploymentPostprocessing = 0;
			shellPath = /bin/sh;
			shellScript = "\"${SRCROOT}/Pods/Target Support Files/Pods-ThriftStoreLocator/Pods-ThriftStoreLocator-frameworks.sh\"\n";
			showEnvVarsInLog = 0;
		};
		3A58CFA51617E16E0544D7CB /* [CP] Check Pods Manifest.lock */ = {
			isa = PBXShellScriptBuildPhase;
			buildActionMask = 2147483647;
			files = (
			);
			inputPaths = (
			);
			name = "[CP] Check Pods Manifest.lock";
			outputPaths = (
			);
			runOnlyForDeploymentPostprocessing = 0;
			shellPath = /bin/sh;
			shellScript = "diff \"${PODS_ROOT}/../Podfile.lock\" \"${PODS_ROOT}/Manifest.lock\" > /dev/null\nif [ $? != 0 ] ; then\n    # print error to STDERR\n    echo \"error: The sandbox is not in sync with the Podfile.lock. Run 'pod install' or update your CocoaPods installation.\" >&2\n    exit 1\nfi\n";
			showEnvVarsInLog = 0;
		};
		8DD48D4A69CAE0DF7716E2F6 /* [CP] Copy Pods Resources */ = {
			isa = PBXShellScriptBuildPhase;
			buildActionMask = 2147483647;
			files = (
			);
			inputPaths = (
			);
			name = "[CP] Copy Pods Resources";
			outputPaths = (
			);
			runOnlyForDeploymentPostprocessing = 0;
			shellPath = /bin/sh;
			shellScript = "\"${SRCROOT}/Pods/Target Support Files/Pods-ThriftStoreLocator/Pods-ThriftStoreLocator-resources.sh\"\n";
			showEnvVarsInLog = 0;
		};
/* End PBXShellScriptBuildPhase section */

/* Begin PBXSourcesBuildPhase section */
		E1724D081E5B732F00E71909 /* Sources */ = {
			isa = PBXSourcesBuildPhase;
			buildActionMask = 2147483647;
			files = (
				E12F1C941E663E81006371A9 /* NetworkLayer.swift in Sources */,
				E1C9A0851E9E84B300EEE8A4 /* FavoriteStoreCell.swift in Sources */,
				E1724D101E5B732F00E71909 /* AppDelegate.swift in Sources */,
				E1724D181E5B732F00E71909 /* ThriftStoreLocator.xcdatamodeld in Sources */,
				E14659EF1EAA68B300ED1FFD /* Logger.swift in Sources */,
				E12F1C911E66304B006371A9 /* DataLayer.swift in Sources */,
				E14659F11EAAB07E00ED1FFD /* StoreCellListView.swift in Sources */,
				E1F920A61E95B6A400BA67AA /* Favorite+CoreDataProperties.swift in Sources */,
				E1EA9B791EA6BBB4007869E9 /* IJProgressView.swift in Sources */,
				E173E9891E5BA850001FF201 /* MenuViewController.swift in Sources */,
				E1C9A0871E9EE9CF00EEE8A4 /* DropMenuButton.swift in Sources */,
				E1724D251E5B741000E71909 /* MainViewController.swift in Sources */,
				E1F93D151E662A7100660A36 /* ModelManager.swift in Sources */,
				E1724D271E5B7BAC00E71909 /* DetailViewController.swift in Sources */,
				E121A4E11E7F1833009AB717 /* LoginViewController.swift in Sources */,
				E16BFB681E6777E8007438C8 /* FavoritesViewController.swift in Sources */,
				E1F920A41E95B67E00BA67AA /* Favorite.swift in Sources */,
				E10E287B1EABA433009C1F13 /* StoreAnnotation.swift in Sources */,
				E1C20C441E7842F5004CEEDD /* StoreCellMapView.swift in Sources */,
				E12F1C981E664D87006371A9 /* Store+CoreDataProperties.swift in Sources */,
				E1D7D93F1EA94DAB00E3EFE8 /* ErrorHandler.swift in Sources */,
				E12F1C971E664D87006371A9 /* Store.swift in Sources */,
				E1F93D121E66293200660A36 /* StoresViewModel.swift in Sources */,
			);
			runOnlyForDeploymentPostprocessing = 0;
		};
/* End PBXSourcesBuildPhase section */

/* Begin PBXVariantGroup section */
		E1724D131E5B732F00E71909 /* Main.storyboard */ = {
			isa = PBXVariantGroup;
			children = (
				E1724D141E5B732F00E71909 /* Base */,
			);
			name = Main.storyboard;
			sourceTree = "<group>";
		};
		E1724D1B1E5B732F00E71909 /* LaunchScreen.storyboard */ = {
			isa = PBXVariantGroup;
			children = (
				E1724D1C1E5B732F00E71909 /* Base */,
			);
			name = LaunchScreen.storyboard;
			sourceTree = "<group>";
		};
/* End PBXVariantGroup section */

/* Begin XCBuildConfiguration section */
		E1724D1F1E5B732F00E71909 /* Debug */ = {
			isa = XCBuildConfiguration;
			buildSettings = {
				ALWAYS_SEARCH_USER_PATHS = NO;
				CLANG_ANALYZER_NONNULL = YES;
				CLANG_CXX_LANGUAGE_STANDARD = "gnu++0x";
				CLANG_CXX_LIBRARY = "libc++";
				CLANG_ENABLE_MODULES = YES;
				CLANG_ENABLE_OBJC_ARC = YES;
				CLANG_WARN_BOOL_CONVERSION = YES;
				CLANG_WARN_CONSTANT_CONVERSION = YES;
				CLANG_WARN_DIRECT_OBJC_ISA_USAGE = YES_ERROR;
				CLANG_WARN_DOCUMENTATION_COMMENTS = YES;
				CLANG_WARN_EMPTY_BODY = YES;
				CLANG_WARN_ENUM_CONVERSION = YES;
				CLANG_WARN_INFINITE_RECURSION = YES;
				CLANG_WARN_INT_CONVERSION = YES;
				CLANG_WARN_OBJC_ROOT_CLASS = YES_ERROR;
				CLANG_WARN_SUSPICIOUS_MOVE = YES;
				CLANG_WARN_UNREACHABLE_CODE = YES;
				CLANG_WARN__DUPLICATE_METHOD_MATCH = YES;
				"CODE_SIGN_IDENTITY[sdk=iphoneos*]" = "iPhone Developer";
				COPY_PHASE_STRIP = NO;
				DEBUG_INFORMATION_FORMAT = dwarf;
				ENABLE_STRICT_OBJC_MSGSEND = YES;
				ENABLE_TESTABILITY = YES;
				GCC_C_LANGUAGE_STANDARD = gnu99;
				GCC_DYNAMIC_NO_PIC = NO;
				GCC_NO_COMMON_BLOCKS = YES;
				GCC_OPTIMIZATION_LEVEL = 0;
				GCC_PREPROCESSOR_DEFINITIONS = (
					"DEBUG=1",
					"$(inherited)",
				);
				GCC_WARN_64_TO_32_BIT_CONVERSION = YES;
				GCC_WARN_ABOUT_RETURN_TYPE = YES_ERROR;
				GCC_WARN_UNDECLARED_SELECTOR = YES;
				GCC_WARN_UNINITIALIZED_AUTOS = YES_AGGRESSIVE;
				GCC_WARN_UNUSED_FUNCTION = YES;
				GCC_WARN_UNUSED_VARIABLE = YES;
				IPHONEOS_DEPLOYMENT_TARGET = 10.2;
				MTL_ENABLE_DEBUG_INFO = YES;
				ONLY_ACTIVE_ARCH = YES;
				SDKROOT = iphoneos;
				SWIFT_ACTIVE_COMPILATION_CONDITIONS = DEBUG;
				SWIFT_OPTIMIZATION_LEVEL = "-Onone";
			};
			name = Debug;
		};
		E1724D201E5B732F00E71909 /* Release */ = {
			isa = XCBuildConfiguration;
			buildSettings = {
				ALWAYS_SEARCH_USER_PATHS = NO;
				CLANG_ANALYZER_NONNULL = YES;
				CLANG_CXX_LANGUAGE_STANDARD = "gnu++0x";
				CLANG_CXX_LIBRARY = "libc++";
				CLANG_ENABLE_MODULES = YES;
				CLANG_ENABLE_OBJC_ARC = YES;
				CLANG_WARN_BOOL_CONVERSION = YES;
				CLANG_WARN_CONSTANT_CONVERSION = YES;
				CLANG_WARN_DIRECT_OBJC_ISA_USAGE = YES_ERROR;
				CLANG_WARN_DOCUMENTATION_COMMENTS = YES;
				CLANG_WARN_EMPTY_BODY = YES;
				CLANG_WARN_ENUM_CONVERSION = YES;
				CLANG_WARN_INFINITE_RECURSION = YES;
				CLANG_WARN_INT_CONVERSION = YES;
				CLANG_WARN_OBJC_ROOT_CLASS = YES_ERROR;
				CLANG_WARN_SUSPICIOUS_MOVE = YES;
				CLANG_WARN_UNREACHABLE_CODE = YES;
				CLANG_WARN__DUPLICATE_METHOD_MATCH = YES;
				"CODE_SIGN_IDENTITY[sdk=iphoneos*]" = "iPhone Developer";
				COPY_PHASE_STRIP = NO;
				DEBUG_INFORMATION_FORMAT = "dwarf-with-dsym";
				ENABLE_NS_ASSERTIONS = NO;
				ENABLE_STRICT_OBJC_MSGSEND = YES;
				GCC_C_LANGUAGE_STANDARD = gnu99;
				GCC_NO_COMMON_BLOCKS = YES;
				GCC_WARN_64_TO_32_BIT_CONVERSION = YES;
				GCC_WARN_ABOUT_RETURN_TYPE = YES_ERROR;
				GCC_WARN_UNDECLARED_SELECTOR = YES;
				GCC_WARN_UNINITIALIZED_AUTOS = YES_AGGRESSIVE;
				GCC_WARN_UNUSED_FUNCTION = YES;
				GCC_WARN_UNUSED_VARIABLE = YES;
				IPHONEOS_DEPLOYMENT_TARGET = 10.2;
				MTL_ENABLE_DEBUG_INFO = NO;
				SDKROOT = iphoneos;
				SWIFT_OPTIMIZATION_LEVEL = "-Owholemodule";
				VALIDATE_PRODUCT = YES;
			};
			name = Release;
		};
		E1724D221E5B732F00E71909 /* Debug */ = {
			isa = XCBuildConfiguration;
			baseConfigurationReference = AE5829B3E21A93676FAE59BF /* Pods-ThriftStoreLocator.debug.xcconfig */;
			buildSettings = {
				ASSETCATALOG_COMPILER_APPICON_NAME = AppIcon;
				CODE_SIGN_ENTITLEMENTS = ThriftStoreLocator/ThriftStoreLocator.entitlements;
				DEVELOPMENT_TEAM = 5T6QA6HZRH;
				INFOPLIST_FILE = ThriftStoreLocator/Info.plist;
				LD_RUNPATH_SEARCH_PATHS = "$(inherited) @executable_path/Frameworks";
				PRODUCT_BUNDLE_IDENTIFIER = com.garyshirk.ThriftStoreLocator;
				PRODUCT_NAME = "$(TARGET_NAME)";
				SWIFT_VERSION = 3.0;
			};
			name = Debug;
		};
		E1724D231E5B732F00E71909 /* Release */ = {
			isa = XCBuildConfiguration;
			baseConfigurationReference = 1CE09159045F46D114E86841 /* Pods-ThriftStoreLocator.release.xcconfig */;
			buildSettings = {
				ASSETCATALOG_COMPILER_APPICON_NAME = AppIcon;
				CODE_SIGN_ENTITLEMENTS = ThriftStoreLocator/ThriftStoreLocator.entitlements;
				DEVELOPMENT_TEAM = 5T6QA6HZRH;
				INFOPLIST_FILE = ThriftStoreLocator/Info.plist;
				LD_RUNPATH_SEARCH_PATHS = "$(inherited) @executable_path/Frameworks";
				PRODUCT_BUNDLE_IDENTIFIER = com.garyshirk.ThriftStoreLocator;
				PRODUCT_NAME = "$(TARGET_NAME)";
				SWIFT_VERSION = 3.0;
			};
			name = Release;
		};
/* End XCBuildConfiguration section */

/* Begin XCConfigurationList section */
		E1724D071E5B732F00E71909 /* Build configuration list for PBXProject "ThriftStoreLocator" */ = {
			isa = XCConfigurationList;
			buildConfigurations = (
				E1724D1F1E5B732F00E71909 /* Debug */,
				E1724D201E5B732F00E71909 /* Release */,
			);
			defaultConfigurationIsVisible = 0;
			defaultConfigurationName = Release;
		};
		E1724D211E5B732F00E71909 /* Build configuration list for PBXNativeTarget "ThriftStoreLocator" */ = {
			isa = XCConfigurationList;
			buildConfigurations = (
				E1724D221E5B732F00E71909 /* Debug */,
				E1724D231E5B732F00E71909 /* Release */,
			);
			defaultConfigurationIsVisible = 0;
			defaultConfigurationName = Release;
		};
/* End XCConfigurationList section */

/* Begin XCVersionGroup section */
		E1724D161E5B732F00E71909 /* ThriftStoreLocator.xcdatamodeld */ = {
			isa = XCVersionGroup;
			children = (
				E1724D171E5B732F00E71909 /* ThriftStoreLocator.xcdatamodel */,
			);
			currentVersion = E1724D171E5B732F00E71909 /* ThriftStoreLocator.xcdatamodel */;
			path = ThriftStoreLocator.xcdatamodeld;
			sourceTree = "<group>";
			versionGroupType = wrapper.xcdatamodel;
		};
/* End XCVersionGroup section */
	};
	rootObject = E1724D041E5B732F00E71909 /* Project object */;
}
